{
	"name": "fw",
	"version": "1.0.0",
	"lockfileVersion": 3,
	"requires": true,
	"packages": {
		"": {
			"name": "fw",
			"version": "1.0.0",
			"license": "MIT",
			"dependencies": {
				"@sie-js/fw": "^1.0.13",
				"iconv-lite": "^0.6.3",
				"sprintf-js": "^1.1.3"
			}
		},
		"../node-sie-fw": {
			"name": "@sie-js/fw",
			"version": "1.0.13",
			"extraneous": true,
			"license": "MIT",
			"dependencies": {
				"debug": "^4.3.4",
				"iconv-lite": "^0.6.3",
				"sprintf-js": "^1.1.3"
			}
		},
		"node_modules/@sie-js/fw": {
			"version": "1.0.13",
			"resolved": "https://registry.npmjs.org/@sie-js/fw/-/fw-1.0.13.tgz",
			"integrity": "sha512-MOXS7bvD1iQjNM28PUTINfnV6s5qnr1cnCCFKjgoA9sEjeC3VDQTjWT3rhRyzFSSignyIx3L0ED/7u+LhCOLMg==",
			"license": "MIT",
			"dependencies": {
				"debug": "^4.3.4",
				"iconv-lite": "^0.6.3",
				"sprintf-js": "^1.1.3"
			}
		},
		"node_modules/debug": {
			"version": "4.3.6",
			"resolved": "https://registry.npmjs.org/debug/-/debug-4.3.6.tgz",
			"integrity": "sha512-O/09Bd4Z1fBrU4VzkhFqVgpPzaGbw6Sm9FEkBT1A/YBXQFGuuSxa1dN2nxgxS34JmKXqYx8CZAwEVoJFImUXIg==",
			"license": "MIT",
			"dependencies": {
				"ms": "2.1.2"
			},
			"engines": {
				"node": ">=6.0"
			},
			"peerDependenciesMeta": {
				"supports-color": {
					"optional": true
				}
			}
		},
		"node_modules/iconv-lite": {
			"version": "0.6.3",
			"resolved": "https://registry.npmjs.org/iconv-lite/-/iconv-lite-0.6.3.tgz",
			"integrity": "sha512-4fCk79wshMdzMp2rH06qWrJE4iolqLhCUH+OiuIgU++RB0+94NlDL81atO7GX55uUKueo0txHNtvEyI6D7WdMw==",
			"license": "MIT",
			"dependencies": {
				"safer-buffer": ">= 2.1.2 < 3.0.0"
			},
			"engines": {
				"node": ">=0.10.0"
			}
		},
		"node_modules/ms": {
			"version": "2.1.2",
			"resolved": "https://registry.npmjs.org/ms/-/ms-2.1.2.tgz",
			"integrity": "sha512-sGkPx+VjMtmA6MX27oA4FBFELFCZZ4S4XqeGOXCv68tT+jb3vk/RyaKWP0PTKyWtmLSM0b+adUTEvbs1PEaH2w==",
			"license": "MIT"
		},
		"node_modules/safer-buffer": {
			"version": "2.1.2",
			"resolved": "https://registry.npmjs.org/safer-buffer/-/safer-buffer-2.1.2.tgz",
			"integrity": "sha512-YZo3K82SD7Riyi0E1EQPojLz7kpepnSQI9IyPbHHg1XXXevb5dJI7tpyN2ADxGcQbHG7vcyRHk0cbwqcQriUtg==",
			"license": "MIT"
		},
		"node_modules/sprintf-js": {
			"version": "1.1.3",
			"resolved": "https://registry.npmjs.org/sprintf-js/-/sprintf-js-1.1.3.tgz",
			"integrity": "sha512-Oo+0REFV59/rz3gfJNKQiBlwfHaSESl1pcGyABQsnnIfWOFt6JNj5gCog2U6MLZ//IGYD+nA8nI+mTShREReaA==",
			"license": "BSD-3-Clause"
		}
	}
}
